
Microsoft Visual Studio Solution File, Format Version 12.00
# Visual Studio 15
VisualStudioVersion = 15.0.28307.852
MinimumVisualStudioVersion = 10.0.40219.1
Project("{FAE04EC0-301F-11D3-BF4B-00C04F79EFBC}") = "StringProblem", "StringProblem\StringProblem.csproj", "{5D84BF24-ABAF-4972-B0FF-88F5153D605E}"
EndProject
Global
	GlobalSection(SolutionConfigurationPlatforms) = preSolution
		Debug|Any CPU = Debug|Any CPU
		Release|Any CPU = Release|Any CPU
	EndGlobalSection
	GlobalSection(ProjectConfigurationPlatforms) = postSolution
		{5D84BF24-ABAF-4972-B0FF-88F5153D605E}.Debug|Any CPU.ActiveCfg = Debug|Any CPU
		{5D84BF24-ABAF-4972-B0FF-88F5153D605E}.Debug|Any CPU.Build.0 = Debug|Any CPU
		{5D84BF24-ABAF-4972-B0FF-88F5153D605E}.Release|Any CPU.ActiveCfg = Release|Any CPU
		{5D84BF24-ABAF-4972-B0FF-88F5153D605E}.Release|Any CPU.Build.0 = Release|Any CPU
	EndGlobalSection
	GlobalSection(SolutionProperties) = preSolution
		HideSolutionNode = FALSE
	EndGlobalSection
	GlobalSection(ExtensibilityGlobals) = postSolution
		SolutionGuid = {8DA864DB-BB39-46E0-A538-91ECE43895A7}
	EndGlobalSection
EndGlobal
