
Microsoft Visual Studio Solution File, Format Version 12.00
# Visual Studio Version 16
VisualStudioVersion = 16.0.31321.278
MinimumVisualStudioVersion = 10.0.40219.1
Project("{FAE04EC0-301F-11D3-BF4B-00C04F79EFBC}") = "LeetcodeConsole", "LeetcodeConsole\LeetcodeConsole.csproj", "{4160ABC9-9B3D-475F-AF38-133A7D02CB64}"
EndProject
Global
	GlobalSection(SolutionConfigurationPlatforms) = preSolution
		Debug|Any CPU = Debug|Any CPU
		Release|Any CPU = Release|Any CPU
	EndGlobalSection
	GlobalSection(ProjectConfigurationPlatforms) = postSolution
		{4160ABC9-9B3D-475F-AF38-133A7D02CB64}.Debug|Any CPU.ActiveCfg = Debug|Any CPU
		{4160ABC9-9B3D-475F-AF38-133A7D02CB64}.Debug|Any CPU.Build.0 = Debug|Any CPU
		{4160ABC9-9B3D-475F-AF38-133A7D02CB64}.Release|Any CPU.ActiveCfg = Release|Any CPU
		{4160ABC9-9B3D-475F-AF38-133A7D02CB64}.Release|Any CPU.Build.0 = Release|Any CPU
	EndGlobalSection
	GlobalSection(SolutionProperties) = preSolution
		HideSolutionNode = FALSE
	EndGlobalSection
	GlobalSection(ExtensibilityGlobals) = postSolution
		SolutionGuid = {B2FFADFE-9A95-46AC-A5A8-65552E76467A}
	EndGlobalSection
EndGlobal
